{
    "_meta": {
        "hash": {
            "sha256": "48f09dee18cd8522919d44392b44fc76b8d447a9a9bcedc6ba72612cca4f91b5"
        },
        "pipfile-spec": 6,
        "requires": {
            "python_version": "3.7"
        },
        "sources": [
            {
                "name": "pypi",
                "url": "https://pypi.org/simple",
                "verify_ssl": true
            }
        ]
    },
    "default": {
        "absl-py": {
            "hashes": [
                "sha256:afe94e3c751ff81aad55d33ab6e630390da32780110b5af72ae81ecff8418d9e",
                "sha256:b44f68984a5ceb2607d135a615999b93924c771238a63920d17d3387b0d229d5"
            ],
            "version": "==0.12.0"
        },
        "astor": {
            "hashes": [
                "sha256:070a54e890cefb5b3739d19f30f5a5ec840ffc9c50ffa7d23cc9fc1a38ebbfc5",
                "sha256:6a6effda93f4e1ce9f618779b2dd1d9d84f1e32812c23a29b3fff6fd7f63fa5e"
            ],
            "version": "==0.8.1"
        },
        "cached-property": {
            "hashes": [
                "sha256:9fa5755838eecbb2d234c3aa390bd80fbd3ac6b6869109bfc1b499f7bd89a130",
                "sha256:df4f613cf7ad9a588cc381aaf4a512d26265ecebd5eb9e1ba12f1319eb85a6a0"
            ],
            "markers": "python_version < '3.8'",
            "version": "==1.5.2"
        },
        "cachetools": {
            "hashes": [
                "sha256:2cc0b89715337ab6dbba85b5b50effe2b0c74e035d83ee8ed637cf52f12ae001",
                "sha256:61b5ed1e22a0924aed1d23b478f37e8d52549ff8a961de2909c69bf950020cff"
            ],
            "version": "==4.2.2"
        },
        "certifi": {
            "hashes": [
                "sha256:1a4995114262bffbc2413b159f2a1a480c969de6e6eb13ee966d470af86af59c",
                "sha256:719a74fb9e33b9bd44cc7f3a8d94bc35e4049deebe19ba7d8e108280cfd59830"
            ],
            "version": "==2020.12.5"
        },
        "chardet": {
            "hashes": [
                "sha256:0d6f53a15db4120f2b08c94f11e7d93d2c911ee118b6b30a04ec3ee8310179fa",
                "sha256:f864054d66fd9118f2e67044ac8981a54775ec5b67aed0441892edb553d21da5"
            ],
            "version": "==4.0.0"
        },
        "cloudpickle": {
            "hashes": [
                "sha256:922401d7140e133253ff5fab4faa4a1166416066453a783b00b507dca93f8859",
                "sha256:f3ef2c9d438f1553ce7795afb18c1f190d8146132496169ef6aa9b7b65caa4c3"
            ],
            "version": "==1.2.2"
        },
        "future": {
            "hashes": [
                "sha256:b1bead90b70cf6ec3f0710ae53a525360fa360d306a86583adc6bf83a4db537d"
            ],
            "version": "==0.18.2"
        },
        "gast": {
            "hashes": [
                "sha256:fe939df4583692f0512161ec1c880e0a10e71e6a232da045ab8edd3756fbadf0"
            ],
            "version": "==0.2.2"
        },
        "google-auth": {
            "hashes": [
                "sha256:588bdb03a41ecb4978472b847881e5518b5d9ec6153d3d679aa127a55e13b39f",
                "sha256:9ad25fba07f46a628ad4d0ca09f38dcb262830df2ac95b217f9b0129c9e42206"
            ],
            "version": "==1.30.0"
        },
        "google-auth-oauthlib": {
            "hashes": [
                "sha256:09832c6e75032f93818edf1affe4746121d640c625a5bef9b5c96af676e98eee",
                "sha256:0e92aacacfb94978de3b7972cf4b0f204c3cd206f74ddd0dc0b31e91164e6317"
            ],
            "version": "==0.4.4"
        },
        "google-pasta": {
            "hashes": [
                "sha256:4612951da876b1a10fe3960d7226f0c7682cf901e16ac06e473b267a5afa8954",
                "sha256:b32482794a366b5366a32c92a9a9201b107821889935a02b3e51f6b432ea84ed",
                "sha256:c9f2c8dfc8f96d0d5808299920721be30c9eec37f2389f28904f454565c8a16e"
            ],
            "version": "==0.2.0"
        },
        "grpcio": {
            "hashes": [
                "sha256:025fa7dffb0cf724070cfcbe2ff600a18b0cf84642ede5c92f2717162e2a8c95",
                "sha256:0b8817acef140cb9a3543208c13282d3bf4bb0103e930ddbb779677604085ada",
                "sha256:0d64b5995e17eb9f086e82e6a4edadd1295827b593be71b516e7a442067784b5",
                "sha256:1aab01ee3e4b88ed6419f0b25ff21c83deb6c823c6fb77e655def0796526e3a3",
                "sha256:1de472a3c2a3d89d4d400d8179f2777ec99f7da0e87c0c1f196226141816d621",
                "sha256:22b0cc3531d3c405fae9a8519004a0e62ecbd1f005b55b3622098a4881d36b96",
                "sha256:23666be3ed366f647f09c9caf89c48ca0daa12be8fe4786e5a368a6cd69de1f6",
                "sha256:264f6d9a922f5124f79f50b1880349fd16c657a9b4fdf0f29fca939d40584f7f",
                "sha256:30807f3979ebb3872588fa166876a2a24febe17e0db5950d5bedd67320d11b8c",
                "sha256:30ba9712547c9497a438bfeb2c7f393fa983df1609e1c81243d4b0d1b1bfefbf",
                "sha256:34d6f626062e7ef47ab30ff8976825c58fa8846ccd8c645b57291ccc74b9d413",
                "sha256:37e265b72e69ef8e33efca8d1123bdc349ae3eabb92563e76adfce209c9df51a",
                "sha256:3ee1bef5f5e4208998cdef44933db3c30c52a7ebde424cfc4186404ffded1d35",
                "sha256:4493365334baaa3d775f5e4a91d9a844ac676560232223405a0964dfddb31924",
                "sha256:4850c96d3a22d941b0d6af4dccbc739caec7f367b783aad049c843b28b458ff0",
                "sha256:494cce1709f7cd63c2610c25b41f886048f1d993511ddb23f766b77ac142ba78",
                "sha256:4c0503b5ef6fcabc52c296d750a095ef29fd707d0f85322e95e5c261b3a684f9",
                "sha256:5dabaac759a98bcfd979d22874dcd7ccf8779678a2fe841d355dd93fee143974",
                "sha256:609297d3d5d32f47e04bf7dc61c7756df50bc37dec4dfd63e996388eba42fb3b",
                "sha256:640f49187105fb6c2b1b7acea06df3b0ccf5fe33a075c73b8a741013bc5cc802",
                "sha256:67b482c810d05d9317e29b82900864ab888b9f842701906ba54c3eb176cd8eab",
                "sha256:6ad11c1ea337720a42fc31959bd44a38b8837e3ae25bdab681e2e1a28096b02a",
                "sha256:6f44b8244bafcbea63daff222ae1b27d048b9d8fd47eb3d11e61ee092078e766",
                "sha256:728292f5ccb849f30774c0805ef5c39452b3a5f4d193ac499ae5b78d268ff64b",
                "sha256:74aad86c7c1b9163d01c3d9e75861e9b09c65e0947592ca315c30353a0f6c4d1",
                "sha256:7533d2c9698dd3038fcf3dd0df243b76a9e0db8008f8575c305e20a3593189eb",
                "sha256:7b2a2cf3621f94b123a9d7a68e4a8d948b29520136f096927f7c9653f24c8fca",
                "sha256:80c3c9d24ecd236571d3c86657243431a8bafef022dcce83f9f2aeb6eecb96b9",
                "sha256:8d3cdca5cfd6761a8824bc8acc8ac7bc37ad5ef75899308ca0458cf7952ce12d",
                "sha256:8f5a16f8b650efddd5ff3f750cca5b45c045923be13e79cdd1b886332307f46a",
                "sha256:9364f35949c3cff5470b583a03ccfd927b71cbe1ab7583a6529d5d67ed76e91e",
                "sha256:9674fffd1f599aec7389a61d48c1a8c8aaba69591609895911c6d8386d86dd45",
                "sha256:99a627471275f93d400399b55e4c1d798602ff79d693e7def0a0b276912bff7e",
                "sha256:a1cd40eac72d3c914eea73f8f7730ddbd86061098a8ce712d1ce108e9d87d449",
                "sha256:ac4174b1cf4daea0653fcfee7676bb04a8a43644e9ddf1913834d1542a9c697b",
                "sha256:ad03ff6b15f3481f3c999d5d22b5c56295dffc49b8e2cbdbc04c7bf358d3034e",
                "sha256:b7cc965538da06c9e9cf0e01bae91f274c75baf224ca6a734717c0f003ddf1f2",
                "sha256:b948a00764fee55cf111e0bf3d987167557152abf879f2c13bd2f278a6247ded",
                "sha256:c87599137f6022ed5079b0df47da83134b9810d4b00999b87edfc901347f26a9",
                "sha256:d232802ba15b465000263bc17171f9863173b7669bdd72dbdffdfcc0f6e637dc",
                "sha256:d7ae05ded17c4697ef80784dc89cad3025db0d90c5a8a0ada47a8d0749617d58",
                "sha256:df8305806311d3fe913d4f7eb3ef28e2072159ea12f95baab5d447f1380a71e3",
                "sha256:e236d0580f7e69a35c420ce60f960b294e9dc973b8c31499fa476eb4d4ba4088",
                "sha256:e3e0fb7d32f163699cef5132b060e3f613dc914408164eb3e3ac69095861ea04",
                "sha256:e72d8df53624098d8b1fe01c961888d61f90d7c0aa8116d76db80a535da9b445",
                "sha256:e7da0319003d150611b30cd864e0474a283324b3db9107107aa3ef9a71c53130",
                "sha256:ee0537fe2423307b885ba44e6789249e6d7624247cb38a20b9f38f4b40f5ab03",
                "sha256:f1287ae8a3bef97fd702dac95967aaf52031a6dceb2bd30da165f16e3b617293",
                "sha256:f6a73167fce4a41e5c0b34ceaad1048a14e9eeb4fc324da49da0537c199efab7",
                "sha256:f933dd10948a5e5ed4258a1581e45aec1bb84069e62368084eb2dcf4cce51e78",
                "sha256:fa279b99878bae9b804c09e023f2b47de79d0b5e813ab85ddf28673784d610f0"
            ],
            "version": "==1.37.1"
        },
        "gym": {
            "hashes": [
                "sha256:18381e13bbd1e2f206a1b88a2af4fb87affd7d06ee7955a6e5e6a79478a9adfc"
            ],
            "index": "pypi",
            "version": "==0.15.3"
        },
        "h5py": {
            "hashes": [
                "sha256:25294f2690c4813475f566663a21ef1c1b11ef892b26d46454bf0a59e507d5aa",
                "sha256:4160cb0d35a83c6fb9f1cad65e826dfaeb044e001549ea78003573fb6bee4042",
                "sha256:6766104ed13ff40b3b7bfd49f13fced5274103ee9af53667e7a97c5236b14741",
                "sha256:7c5b5f18c96fb63399280a724734fd91e1781c6b60e385e439ad8e654a294ba4",
                "sha256:89474be911bfcdb34cbf0d98b8ec48b578c27a89fdb1ae4ee7513f1ef8d9249e",
                "sha256:90ee8a00aca5c4e0bbd821c1f6118cb9a814c15dcfdb03572c615a4431166480",
                "sha256:a6632ac11167bbad1a8fc5c82508b97ab8c12bdfe4b659254b6f7f63d3c76744",
                "sha256:d791b710d3e54c4d2c32cb881b183db5674ceb03bf6a0c1f3fb3cf50d8997e0a",
                "sha256:d8467fa56356ad2efad2b5986326e71d4d74505de6f6c7bb46dbba09b37459ac",
                "sha256:fdabe99139a9c5e1a416b7ed38c89505f8501b376d54496e1bb737cb33df61cf"
            ],
            "version": "==3.2.1"
        },
        "idna": {
            "hashes": [
                "sha256:b307872f855b18632ce0c21c5e45be78c0ea7ae4c15c828c20788b26921eb3f6",
                "sha256:b97d804b1e9b523befed77c48dacec60e6dcb0b5391d57af6a65a312a90648c0"
            ],
            "version": "==2.10"
        },
        "importlib-metadata": {
            "hashes": [
                "sha256:8c501196e49fb9df5df43833bdb1e4328f64847763ec8a50703148b73784d581",
                "sha256:d7eb1dea6d6a6086f8be21784cc9e3bcfa55872b52309bc5fad53a8ea444465d"
            ],
            "markers": "python_version < '3.8'",
            "version": "==4.0.1"
        },
        "keras-applications": {
            "hashes": [
                "sha256:5579f9a12bcde9748f4a12233925a59b93b73ae6947409ff34aa2ba258189fe5",
                "sha256:df4323692b8c1174af821bf906f1e442e63fa7589bf0f1230a0b6bdc5a810c95"
            ],
            "version": "==1.0.8"
        },
        "keras-preprocessing": {
            "hashes": [
                "sha256:7b82029b130ff61cc99b55f3bd27427df4838576838c5b2f65940e4fcec99a7b",
                "sha256:add82567c50c8bc648c14195bf544a5ce7c1f76761536956c3d2978970179ef3"
            ],
            "version": "==1.1.2"
        },
        "markdown": {
            "hashes": [
                "sha256:31b5b491868dcc87d6c24b7e3d19a0d730d59d3e46f4eea6430a321bed387a49",
                "sha256:96c3ba1261de2f7547b46a00ea8463832c921d3f9d6aba3f255a6f71386db20c"
            ],
            "version": "==3.3.4"
        },
        "numpy": {
            "hashes": [
                "sha256:2428b109306075d89d21135bdd6b785f132a1f5a3260c371cee1fae427e12727",
                "sha256:377751954da04d4a6950191b20539066b4e19e3b559d4695399c5e8e3e683bf6",
                "sha256:4703b9e937df83f5b6b7447ca5912b5f5f297aba45f91dbbbc63ff9278c7aa98",
                "sha256:471c0571d0895c68da309dacee4e95a0811d0a9f9f532a48dc1bea5f3b7ad2b7",
                "sha256:61d5b4cf73622e4d0c6b83408a16631b670fc045afd6540679aa35591a17fe6d",
                "sha256:6c915ee7dba1071554e70a3664a839fbc033e1d6528199d4621eeaaa5487ccd2",
                "sha256:6e51e417d9ae2e7848314994e6fc3832c9d426abce9328cf7571eefceb43e6c9",
                "sha256:719656636c48be22c23641859ff2419b27b6bdf844b36a2447cb39caceb00935",
                "sha256:780ae5284cb770ade51d4b4a7dce4faa554eb1d88a56d0e8b9f35fca9b0270ff",
                "sha256:878922bf5ad7550aa044aa9301d417e2d3ae50f0f577de92051d739ac6096cee",
                "sha256:924dc3f83de20437de95a73516f36e09918e9c9c18d5eac520062c49191025fb",
                "sha256:97ce8b8ace7d3b9288d88177e66ee75480fb79b9cf745e91ecfe65d91a856042",
                "sha256:9c0fab855ae790ca74b27e55240fe4f2a36a364a3f1ebcfd1fb5ac4088f1cec3",
                "sha256:9cab23439eb1ebfed1aaec9cd42b7dc50fc96d5cd3147da348d9161f0501ada5",
                "sha256:a8e6859913ec8eeef3dbe9aed3bf475347642d1cdd6217c30f28dee8903528e6",
                "sha256:aa046527c04688af680217fffac61eec2350ef3f3d7320c07fd33f5c6e7b4d5f",
                "sha256:abc81829c4039e7e4c30f7897938fa5d4916a09c2c7eb9b244b7a35ddc9656f4",
                "sha256:bad70051de2c50b1a6259a6df1daaafe8c480ca98132da98976d8591c412e737",
                "sha256:c73a7975d77f15f7f68dacfb2bca3d3f479f158313642e8ea9058eea06637931",
                "sha256:d15007f857d6995db15195217afdbddfcd203dfaa0ba6878a2f580eaf810ecd6",
                "sha256:d76061ae5cab49b83a8cf3feacefc2053fac672728802ac137dd8c4123397677",
                "sha256:e8e4fbbb7e7634f263c5b0150a629342cc19b47c5eba8d1cd4363ab3455ab576",
                "sha256:e9459f40244bb02b2f14f6af0cd0732791d72232bbb0dc4bab57ef88e75f6935",
                "sha256:edb1f041a9146dcf02cd7df7187db46ab524b9af2515f392f337c7cbbf5b52cd"
            ],
            "markers": "python_version == '3.7'",
            "version": "==1.20.2"
        },
        "oauthlib": {
            "hashes": [
                "sha256:bee41cc35fcca6e988463cacc3bcb8a96224f470ca547e697b604cc697b2f889",
                "sha256:df884cd6cbe20e32633f1db1072e9356f53638e4361bef4e8b03c9127c9328ea"
            ],
            "version": "==3.1.0"
        },
        "opt-einsum": {
            "hashes": [
                "sha256:2455e59e3947d3c275477df7f5205b30635e266fe6dc300e3d9f9646bfcea147",
                "sha256:59f6475f77bbc37dcf7cd748519c0ec60722e91e63ca114e68821c0c54a46549"
            ],
            "version": "==3.3.0"
        },
        "protobuf": {
            "hashes": [
                "sha256:0277f62b1e42210cafe79a71628c1d553348da81cbd553402a7f7549c50b11d0",
                "sha256:07eec4e2ccbc74e95bb9b3afe7da67957947ee95bdac2b2e91b038b832dd71f0",
                "sha256:1c0e9e56202b9dccbc094353285a252e2b7940b74fdf75f1b4e1b137833fabd7",
                "sha256:1f0b5d156c3df08cc54bc2c8b8b875648ea4cd7ebb2a9a130669f7547ec3488c",
                "sha256:2dc0e8a9e4962207bdc46a365b63a3f1aca6f9681a5082a326c5837ef8f4b745",
                "sha256:3053f13207e7f13dc7be5e9071b59b02020172f09f648e85dc77e3fcb50d1044",
                "sha256:4a054b0b5900b7ea7014099e783fb8c4618e4209fffcd6050857517b3f156e18",
                "sha256:510e66491f1a5ac5953c908aa8300ec47f793130097e4557482803b187a8ee05",
                "sha256:5ff9fa0e67fcab442af9bc8d4ec3f82cb2ff3be0af62dba047ed4187f0088b7d",
                "sha256:90270fe5732c1f1ff664a3bd7123a16456d69b4e66a09a139a00443a32f210b8",
                "sha256:a0a08c6b2e6d6c74a6eb5bf6184968eefb1569279e78714e239d33126e753403",
                "sha256:c5566f956a26cda3abdfacc0ca2e21db6c9f3d18f47d8d4751f2209d6c1a5297",
                "sha256:dab75b56a12b1ceb3e40808b5bd9dfdaef3a1330251956e6744e5b6ed8f8830b",
                "sha256:efa4c4d4fc9ba734e5e85eaced70e1b63fb3c8d08482d839eb838566346f1737",
                "sha256:f17b352d7ce33c81773cf81d536ca70849de6f73c96413f17309f4b43ae7040b",
                "sha256:f42c2f5fb67da5905bfc03733a311f72fa309252bcd77c32d1462a1ad519521e",
                "sha256:f6077db37bfa16494dca58a4a02bfdacd87662247ad6bc1f7f8d13ff3f0013e1",
                "sha256:f80afc0a0ba13339bbab25ca0409e9e2836b12bb012364c06e97c2df250c3343",
                "sha256:f9cadaaa4065d5dd4d15245c3b68b967b3652a3108e77f292b58b8c35114b56c",
                "sha256:fad4f971ec38d8df7f4b632c819bf9bbf4f57cfd7312cf526c69ce17ef32436a"
            ],
            "version": "==3.15.8"
        },
        "pyasn1": {
            "hashes": [
                "sha256:39c7e2ec30515947ff4e87fb6f456dfc6e84857d34be479c9d4a4ba4bf46aa5d",
                "sha256:aef77c9fb94a3ac588e87841208bdec464471d9871bd5050a287cc9a475cd0ba"
            ],
            "version": "==0.4.8"
        },
        "pyasn1-modules": {
            "hashes": [
                "sha256:905f84c712230b2c592c19470d3ca8d552de726050d1d1716282a1f6146be65e",
                "sha256:a50b808ffeb97cb3601dd25981f6b016cbb3d31fbf57a8b8a87428e6158d0c74"
            ],
            "version": "==0.2.8"
        },
        "pyglet": {
            "hashes": [
                "sha256:8b07aea16f34ac861cffd06a0c17723ca944d172e577b57b21859b7990709a66",
                "sha256:b00570e7cdf6971af8953b6ece50d83d13272afa5d1f1197c58c0f478dd17743"
            ],
            "version": "==1.3.2"
        },
        "requests": {
            "hashes": [
                "sha256:27973dd4a904a4f13b263a19c866c13b92a39ed1c964655f025f3f8d3d75b804",
                "sha256:c210084e36a42ae6b9219e00e48287def368a26d03a048ddad7bfee44f75871e"
            ],
            "version": "==2.25.1"
        },
        "requests-oauthlib": {
            "hashes": [
                "sha256:7f71572defaecd16372f9006f33c2ec8c077c3cfa6f5911a9a90202beb513f3d",
                "sha256:b4261601a71fd721a8bd6d7aa1cc1d6a8a93b4a9f5e96626f8e4d91e8beeaa6a"
            ],
            "version": "==1.3.0"
        },
        "rsa": {
            "hashes": [
                "sha256:69805d6b69f56eb05b62daea3a7dbd7aa44324ad1306445e05da8060232d00f4",
                "sha256:a8774e55b59fd9fc893b0d05e9bfc6f47081f46ff5b46f39ccf24631b7be356b"
            ],
            "index": "pypi",
            "version": "==4.7"
        },
        "scipy": {
            "hashes": [
                "sha256:01b38dec7e9f897d4db04f8de4e20f0f5be3feac98468188a0f47a991b796055",
                "sha256:10dbcc7de03b8d635a1031cb18fd3eaa997969b64fdf78f99f19ac163a825445",
                "sha256:19aeac1ad3e57338723f4657ac8520f41714804568f2e30bd547d684d72c392e",
                "sha256:1b21c6e0dc97b1762590b70dee0daddb291271be0580384d39f02c480b78290a",
                "sha256:1caade0ede6967cc675e235c41451f9fb89ae34319ddf4740194094ab736b88d",
                "sha256:23995dfcf269ec3735e5a8c80cfceaf384369a47699df111a6246b83a55da582",
                "sha256:2a799714bf1f791fb2650d73222b248d18d53fd40d6af2df2c898db048189606",
                "sha256:3274ce145b5dc416c49c0cf8b6119f787f0965cd35e22058fe1932c09fe15d77",
                "sha256:33d1677d46111cfa1c84b87472a0274dde9ef4a7ef2e1f155f012f5f1e995d8f",
                "sha256:44d452850f77e65e25b1eb1ac01e25770323a782bfe3a1a3e43847ad4266d93d",
                "sha256:9e3302149a369697c6aaea18b430b216e3c88f9a61b62869f6104881e5f9ef85",
                "sha256:a75b014d3294fce26852a9d04ea27b5671d86736beb34acdfc05859246260707",
                "sha256:ad7269254de06743fb4768f658753de47d8b54e4672c5ebe8612a007a088bd48",
                "sha256:b30280fbc1fd8082ac822994a98632111810311a9ece71a0e48f739df3c555a2",
                "sha256:b79104878003487e2b4639a20b9092b02e1bad07fc4cf924b495cf413748a777",
                "sha256:d449d40e830366b4c612692ad19fbebb722b6b847f78a7b701b1e0d6cda3cc13",
                "sha256:d647757373985207af3343301d89fe738d5a294435a4f2aafb04c13b4388c896",
                "sha256:f68eb46b86b2c246af99fcaa6f6e37c7a7a413e1084a794990b877f2ff71f7b6",
                "sha256:fdf606341cd798530b05705c87779606fcdfaf768a8129c348ea94441da15b04"
            ],
            "version": "==1.6.3"
        },
        "six": {
            "hashes": [
                "sha256:30639c035cdb23534cd4aa2dd52c3bf48f06e5f4a941509c8bafd8ce11080259",
                "sha256:8b74bedcbbbaca38ff6d7491d76f2b06b3592611af620f8426e82dddb04a5ced"
            ],
            "version": "==1.15.0"
        },
        "tensorboard": {
            "hashes": [
                "sha256:32d9dec38d053d7d75796eb7c2e0d77285af35f69ee1a6796ab5ecc896679fb3",
                "sha256:ccae56f01acc78a138474081b631af52017c2075ffe1c453d58c49d5046ef081"
            ],
            "version": "==2.0.2"
        },
        "tensorflow": {
            "hashes": [
                "sha256:04a3e889ade6be191c4a39933d7dd13a141a4c31cacbc4b23e06e80343bb9151",
                "sha256:173079089330dd740a68de2a14140e4b8406f60976ba368e5f91a612f9f2de7a",
                "sha256:34017743df7c8abcfcde52831693cab5230da25a135f8fa7e7c6c48927112269",
                "sha256:4fdba5bfcf766081e2a6d469ba35121085699d8c669daf5e295604b1f43f307a",
                "sha256:686385d7a3663b8a4967270b3dcfae4d2b9b15fb37bf6da40e768f373cf42fed",
                "sha256:b8eb1486a3be60708add1b733983444c0b47e90d0087021199e51e30f6c4e0d0",
                "sha256:c63b2849ff2706a4df5183ee0bf3905027afc3de0c799e940c62745c71b1bf89",
                "sha256:cb439ae0d778035ace782e1769857058628cd09e18961fc64a403adcedcd0547",
                "sha256:e8f8b9f4da7502f86674584f346d25ab2fd78303effb04be460eec0490ff7494"
            ],
            "index": "pypi",
            "version": "==2.0.1"
        },
        "tensorflow-estimator": {
            "hashes": [
                "sha256:aa8deab25d09a9730dfbae8ec58f4eb00ec2a90b5ca3dcbd8fa0717103d3bbb3"
            ],
            "version": "==2.0.1"
        },
        "termcolor": {
            "hashes": [
                "sha256:1d6d69ce66211143803fbc56652b41d73b4a400a2891d7bf7a1cdf4c02de613b"
            ],
            "version": "==1.1.0"
        },
        "typing-extensions": {
            "hashes": [
                "sha256:7cb407020f00f7bfc3cb3e7881628838e69d8f3fcab2f64742a5e76b2f841918",
                "sha256:99d4073b617d30288f569d3f13d2bd7548c3a7e4c8de87db09a9d29bb3a4a60c",
                "sha256:dafc7639cde7f1b6e1acc0f457842a83e722ccca8eef5270af2d74792619a89f"
            ],
            "markers": "python_version < '3.8'",
            "version": "==3.7.4.3"
        },
        "urllib3": {
            "hashes": [
                "sha256:2f4da4594db7e1e110a944bb1b551fdf4e6c136ad42e4234131391e21eb5b0df",
                "sha256:e7b021f7241115872f92f43c6508082facffbd1c048e3c6e2bb9c2a157e28937"
            ],
            "version": "==1.26.4"
        },
        "werkzeug": {
            "hashes": [
                "sha256:2de2a5db0baeae7b2d2664949077c2ac63fbd16d98da0ff71837f7d1dea3fd43",
                "sha256:6c80b1e5ad3665290ea39320b91e1be1e0d5f60652b964a3070216de83d2e47c"
            ],
            "version": "==1.0.1"
        },
        "wheel": {
            "hashes": [
                "sha256:78b5b185f0e5763c26ca1e324373aadd49182ca90e825f7853f4b2509215dc0e",
                "sha256:e11eefd162658ea59a60a0f6c7d493a7190ea4b9a85e335b33489d9f17e0245e"
            ],
            "markers": "python_version >= '3'",
            "version": "==0.36.2"
        },
        "wrapt": {
            "hashes": [
                "sha256:b62ffa81fb85f4332a4f609cab4ac40709470da05643a082ec1eb88e6d9b97d7"
            ],
            "version": "==1.12.1"
        },
        "zipp": {
            "hashes": [
                "sha256:3607921face881ba3e026887d8150cca609d517579abe052ac81fc5aeffdbd76",
                "sha256:51cb66cc54621609dd593d1787f286ee42a5c0adbb4b29abea5a63edc3e03098"
            ],
            "version": "==3.4.1"
        }
    },
    "develop": {}
}
